# THIS IS AN AUTOGENERATED FILE. DO NOT EDIT THIS FILE DIRECTLY.
# yarn lockfile v1


"@babel/helper-validator-identifier@^7.9.0":
  version "7.9.0"
  resolved "https://registry.yarnpkg.com/@babel/helper-validator-identifier/-/helper-validator-identifier-7.9.0.tgz#ad53562a7fc29b3b9a91bbf7d10397fd146346ed"
  integrity sha512-6G8bQKjOh+of4PV/ThDm/rRqlU7+IGoJuofpagU5GlEl29Vv0RGqqt86ZGRV8ZuSOY3o+8yXl5y782SMcG7SHw==

"@babel/parser@^7.8.6":
  version "7.9.4"
  resolved "https://registry.yarnpkg.com/@babel/parser/-/parser-7.9.4.tgz#68a35e6b0319bbc014465be43828300113f2f2e8"
  integrity sha512-bC49otXX6N0/VYhgOMh4gnP26E9xnDZK3TmbNpxYzzz9BQLBosQwfyOe9/cXUU3txYhTzLCbcqd5c8y/OmCjHA==

"@babel/types@^7.8.6":
  version "7.9.0"
  resolved "https://registry.yarnpkg.com/@babel/types/-/types-7.9.0.tgz#00b064c3df83ad32b2dbf5ff07312b15c7f1efb5"
  integrity sha512-BS9JKfXkzzJl8RluW4JGknzpiUV7ZrvTayM6yfqLTVBEnFtyowVIOu6rqxRd5cVO6yGoWf4T8u8dgK9oB+GCng==
  dependencies:
    "@babel/helper-validator-identifier" "^7.9.0"
    lodash "^4.17.13"
    to-fast-properties "^2.0.0"

"@vue/compiler-core@3.0.0-beta.15":
  version "3.0.0-beta.15"
  resolved "https://registry.yarnpkg.com/@vue/compiler-core/-/compiler-core-3.0.0-beta.15.tgz#8710a8e3ba15ba1a8b62bd17609d26bd27fdcc45"
  integrity sha512-NLNW7tAMHl8ybRgTPTIWLsi8aXHbFngY2x95eEHAdxhNasTY5NsgmQBBH9TBAUQEn6Wo8ybmuvQoNzgcw979Zg==
  dependencies:
    "@babel/parser" "^7.8.6"
    "@babel/types" "^7.8.6"
    "@vue/shared" "3.0.0-beta.15"
    estree-walker "^0.8.1"
    source-map "^0.6.1"

"@vue/compiler-dom@3.0.0-beta.15":
  version "3.0.0-beta.15"
  resolved "https://registry.yarnpkg.com/@vue/compiler-dom/-/compiler-dom-3.0.0-beta.15.tgz#ee6dc9ae1dabb5c5c257d7cc20c5f3e95d5e5f4f"
  integrity sha512-0qVaCosZ6XrkmlSOndGlNh33JQ2oao82uWxC/qw4QWBGm6a1DcKkZFIZFYLQWg5ZIcSrEQrR1VzUidBaZw9AIg==
  dependencies:
    "@vue/compiler-core" "3.0.0-beta.15"
    "@vue/shared" "3.0.0-beta.15"

"@vue/reactivity@3.0.0-beta.15":
  version "3.0.0-beta.15"
  resolved "https://registry.yarnpkg.com/@vue/reactivity/-/reactivity-3.0.0-beta.15.tgz#4ee0942783d7ff09acab5b8755706597ba6234f6"
  integrity sha512-Xa0LG8RTNlPYsuqOBhhV03xKhMmuSU0vtKXoIi1yxp9gGU7ga/TMmnhELb66AiupiXdLJwRcdv00KhPF/2y0dA==
  dependencies:
    "@vue/shared" "3.0.0-beta.15"

"@vue/runtime-core@3.0.0-beta.15":
  version "3.0.0-beta.15"
  resolved "https://registry.yarnpkg.com/@vue/runtime-core/-/runtime-core-3.0.0-beta.15.tgz#35c2ef61dadf07dfe9129dbea6fb8c1b88cc5bd6"
  integrity sha512-jDkqSs1hsS9fRCgzah7VINafxWj7bYoDyweVuBqm6KPcHRfGkRZZxl2NltbbVaLH76Qvm4PPSnqGgEx7QtFSgg==
  dependencies:
    "@vue/reactivity" "3.0.0-beta.15"
    "@vue/shared" "3.0.0-beta.15"

"@vue/runtime-dom@3.0.0-beta.15":
  version "3.0.0-beta.15"
  resolved "https://registry.yarnpkg.com/@vue/runtime-dom/-/runtime-dom-3.0.0-beta.15.tgz#e3ce740c5e3766020719b174686bd65c75975c7e"
  integrity sha512-161rUw1sWfbv51Ua8gKXaPc+seRJQcV+MLokTJtqYtNCajya0Mx6vdXJajBWqjDT8/Udx0sb7Wm/K/0DfGBUTw==
  dependencies:
    "@vue/runtime-core" "3.0.0-beta.15"
    "@vue/shared" "3.0.0-beta.15"
    csstype "^2.6.8"

"@vue/shared@3.0.0-beta.15":
  version "3.0.0-beta.15"
  resolved "https://registry.yarnpkg.com/@vue/shared/-/shared-3.0.0-beta.15.tgz#77444ab234e229c3fdcc9f394678e167a55757af"
  integrity sha512-wViILT5GgxMtnXVQ1xupj43wvnZ41g3NLWaBObs7l+eTxz5vq5yx72qH6HRpsfhR2Mg39jE0cfNLFEpC4lJIUQ==

csstype@^2.6.8:
  version "2.6.10"
  resolved "https://registry.yarnpkg.com/csstype/-/csstype-2.6.10.tgz#e63af50e66d7c266edb6b32909cfd0aabe03928b"
  integrity sha512-D34BqZU4cIlMCY93rZHbrq9pjTAQJ3U8S8rfBqjwHxkGPThWFjzZDQpgMJY0QViLxth6ZKYiwFBo14RdN44U/w==

estree-walker@^0.8.1:
  version "0.8.1"
  resolved "https://registry.yarnpkg.com/estree-walker/-/estree-walker-0.8.1.tgz#6230ce2ec9a5cb03888afcaf295f97d90aa52b79"
  integrity sha512-H6cJORkqvrNziu0KX2hqOMAlA2CiuAxHeGJXSIoKA/KLv229Dw806J3II6mKTm5xiDX1At1EXCfsOQPB+tMB+g==

lodash@^4.17.13:
  version "4.17.15"
  resolved "https://registry.yarnpkg.com/lodash/-/lodash-4.17.15.tgz#b447f6670a0455bbfeedd11392eff330ea097548"
  integrity sha512-8xOcRHvCjnocdS5cpwXQXVzmmh5e5+saE2QGoeQmbKmRS6J3VQppPOIt0MnmE+4xlZoumy0GPG0D0MVIQbNA1A==

source-map@^0.6.1:
  version "0.6.1"
  resolved "https://registry.yarnpkg.com/source-map/-/source-map-0.6.1.tgz#74722af32e9614e9c287a8d0bbde48b5e2f1a263"
  integrity sha512-UjgapumWlbMhkBgzT7Ykc5YXUT46F0iKu8SGXq0bcwP5dz/h0Plj6enJqjz1Zbq2l5WaqYnrVbwWOWMyF3F47g==

to-fast-properties@^2.0.0:
  version "2.0.0"
  resolved "https://registry.yarnpkg.com/to-fast-properties/-/to-fast-properties-2.0.0.tgz#dc5e698cbd079265bc73e0377681a4e4e83f616e"
  integrity sha1-3F5pjL0HkmW8c+A3doGk5Og/YW4=

typescript@^3.9.5:
  version "3.9.5"
  resolved "https://registry.yarnpkg.com/typescript/-/typescript-3.9.5.tgz#586f0dba300cde8be52dd1ac4f7e1009c1b13f36"
  integrity sha512-hSAifV3k+i6lEoCJ2k6R2Z/rp/H3+8sdmcn5NrS3/3kE7+RyZXm9aqvxWqjEXHAd8b0pShatpcdMTvEdvAJltQ==

vue@^3.0.0-beta.15:
  version "3.0.0-beta.15"
  resolved "https://registry.yarnpkg.com/vue/-/vue-3.0.0-beta.15.tgz#99f107534755d3a237b51fc1279c43af2fefde6e"
  integrity sha512-KTmvfNpkvD6mao8vloqjUMjrHEivS1HZvHmYeHPRHqU2HRvNcrZuwXYvETt3dGOTu0Oj7zAWQXP+uZ34CW75sw==
  dependencies:
    "@vue/compiler-dom" "3.0.0-beta.15"
    "@vue/runtime-dom" "3.0.0-beta.15"
    "@vue/shared" "3.0.0-beta.15"
